
Microsoft Visual Studio Solution File, Format Version 12.00
# Visual Studio Version 17
VisualStudioVersion = 17.0.32014.148
MinimumVisualStudioVersion = 10.0.40219.1
Project("{FAE04EC0-301F-11D3-BF4B-00C04F79EFBC}") = "Server", "Server\Server.csproj", "{83C52FE1-2299-4C74-9845-B443BEE9FE38}"
EndProject
Project("{FAE04EC0-301F-11D3-BF4B-00C04F79EFBC}") = "Common", "Common\Common.csproj", "{1CBBE60A-4EB9-4EA6-86D6-4D14E6BC8EBE}"
EndProject
Project("{FAE04EC0-301F-11D3-BF4B-00C04F79EFBC}") = "Client", "Client\Client.csproj", "{B18CEC05-3BB9-42C1-BC46-36491C60806B}"
EndProject
Global
	GlobalSection(SolutionConfigurationPlatforms) = preSolution
		Debug|Any CPU = Debug|Any CPU
		Release|Any CPU = Release|Any CPU
	EndGlobalSection
	GlobalSection(ProjectConfigurationPlatforms) = postSolution
		{83C52FE1-2299-4C74-9845-B443BEE9FE38}.Debug|Any CPU.ActiveCfg = Debug|Any CPU
		{83C52FE1-2299-4C74-9845-B443BEE9FE38}.Debug|Any CPU.Build.0 = Debug|Any CPU
		{83C52FE1-2299-4C74-9845-B443BEE9FE38}.Release|Any CPU.ActiveCfg = Release|Any CPU
		{83C52FE1-2299-4C74-9845-B443BEE9FE38}.Release|Any CPU.Build.0 = Release|Any CPU
		{1CBBE60A-4EB9-4EA6-86D6-4D14E6BC8EBE}.Debug|Any CPU.ActiveCfg = Debug|Any CPU
		{1CBBE60A-4EB9-4EA6-86D6-4D14E6BC8EBE}.Debug|Any CPU.Build.0 = Debug|Any CPU
		{1CBBE60A-4EB9-4EA6-86D6-4D14E6BC8EBE}.Release|Any CPU.ActiveCfg = Release|Any CPU
		{1CBBE60A-4EB9-4EA6-86D6-4D14E6BC8EBE}.Release|Any CPU.Build.0 = Release|Any CPU
		{B18CEC05-3BB9-42C1-BC46-36491C60806B}.Debug|Any CPU.ActiveCfg = Debug|Any CPU
		{B18CEC05-3BB9-42C1-BC46-36491C60806B}.Debug|Any CPU.Build.0 = Debug|Any CPU
		{B18CEC05-3BB9-42C1-BC46-36491C60806B}.Release|Any CPU.ActiveCfg = Release|Any CPU
		{B18CEC05-3BB9-42C1-BC46-36491C60806B}.Release|Any CPU.Build.0 = Release|Any CPU
	EndGlobalSection
	GlobalSection(SolutionProperties) = preSolution
		HideSolutionNode = FALSE
	EndGlobalSection
	GlobalSection(ExtensibilityGlobals) = postSolution
		SolutionGuid = {566BC8AD-9890-4602-9777-976121981B75}
	EndGlobalSection
EndGlobal
