
Microsoft Visual Studio Solution File, Format Version 12.00
# Visual Studio Version 17
VisualStudioVersion = 17.0.32014.148
MinimumVisualStudioVersion = 10.0.40219.1
Project("{FAE04EC0-301F-11D3-BF4B-00C04F79EFBC}") = "ChattingServer", "ChattingServer\ChattingServer.csproj", "{CB26E587-9C32-4F4F-9E86-746CEA91BE3B}"
EndProject
Project("{FAE04EC0-301F-11D3-BF4B-00C04F79EFBC}") = "ChattingCommon", "ChattingCommon\ChattingCommon.csproj", "{A1F4399D-F2DB-4E2A-B33E-D788486A8090}"
EndProject
Project("{FAE04EC0-301F-11D3-BF4B-00C04F79EFBC}") = "ChattingClient", "ChattingClient\ChattingClient.csproj", "{2A52C56E-86DF-4090-87C4-2A4E4C7FF465}"
EndProject
Global
	GlobalSection(SolutionConfigurationPlatforms) = preSolution
		Debug|Any CPU = Debug|Any CPU
		Release|Any CPU = Release|Any CPU
	EndGlobalSection
	GlobalSection(ProjectConfigurationPlatforms) = postSolution
		{CB26E587-9C32-4F4F-9E86-746CEA91BE3B}.Debug|Any CPU.ActiveCfg = Debug|Any CPU
		{CB26E587-9C32-4F4F-9E86-746CEA91BE3B}.Debug|Any CPU.Build.0 = Debug|Any CPU
		{CB26E587-9C32-4F4F-9E86-746CEA91BE3B}.Release|Any CPU.ActiveCfg = Release|Any CPU
		{CB26E587-9C32-4F4F-9E86-746CEA91BE3B}.Release|Any CPU.Build.0 = Release|Any CPU
		{A1F4399D-F2DB-4E2A-B33E-D788486A8090}.Debug|Any CPU.ActiveCfg = Debug|Any CPU
		{A1F4399D-F2DB-4E2A-B33E-D788486A8090}.Debug|Any CPU.Build.0 = Debug|Any CPU
		{A1F4399D-F2DB-4E2A-B33E-D788486A8090}.Release|Any CPU.ActiveCfg = Release|Any CPU
		{A1F4399D-F2DB-4E2A-B33E-D788486A8090}.Release|Any CPU.Build.0 = Release|Any CPU
		{2A52C56E-86DF-4090-87C4-2A4E4C7FF465}.Debug|Any CPU.ActiveCfg = Debug|Any CPU
		{2A52C56E-86DF-4090-87C4-2A4E4C7FF465}.Debug|Any CPU.Build.0 = Debug|Any CPU
		{2A52C56E-86DF-4090-87C4-2A4E4C7FF465}.Release|Any CPU.ActiveCfg = Release|Any CPU
		{2A52C56E-86DF-4090-87C4-2A4E4C7FF465}.Release|Any CPU.Build.0 = Release|Any CPU
	EndGlobalSection
	GlobalSection(SolutionProperties) = preSolution
		HideSolutionNode = FALSE
	EndGlobalSection
	GlobalSection(ExtensibilityGlobals) = postSolution
		SolutionGuid = {A96FEF79-76BE-482E-900D-EE28DC207C1F}
	EndGlobalSection
EndGlobal
